
Microsoft Visual Studio Solution File, Format Version 12.00
# Visual Studio 2013
VisualStudioVersion = 12.0.30501.0
MinimumVisualStudioVersion = 10.0.40219.1
Project("{FAE04EC0-301F-11D3-BF4B-00C04F79EFBC}") = "Website", "src\Website.csproj", "{2FA30BD8-2553-4171-882E-F05F9669AFD0}"
EndProject
Project("{2150E333-8FDC-42A3-9474-1A3956D46DE8}") = "_src", "_src", "{90EAEA08-DB21-4323-8B52-06240C811FF6}"
EndProject
Project("{2150E333-8FDC-42A3-9474-1A3956D46DE8}") = "_git", "_git", "{82F1AA29-3E00-4AFB-9960-191B4D6F76BA}"
	ProjectSection(SolutionItems) = preProject
		.gitignore = .gitignore
	EndProjectSection
EndProject
Project("{2150E333-8FDC-42A3-9474-1A3956D46DE8}") = ".nuget", ".nuget", "{57127F06-3081-45E6-98F5-FC376A82CF0C}"
EndProject
Global
	GlobalSection(SolutionConfigurationPlatforms) = preSolution
		Debug|Any CPU = Debug|Any CPU
		Release|Any CPU = Release|Any CPU
	EndGlobalSection
	GlobalSection(ProjectConfigurationPlatforms) = postSolution
		{2FA30BD8-2553-4171-882E-F05F9669AFD0}.Debug|Any CPU.ActiveCfg = Debug|Any CPU
		{2FA30BD8-2553-4171-882E-F05F9669AFD0}.Debug|Any CPU.Build.0 = Debug|Any CPU
		{2FA30BD8-2553-4171-882E-F05F9669AFD0}.Release|Any CPU.ActiveCfg = Release|Any CPU
		{2FA30BD8-2553-4171-882E-F05F9669AFD0}.Release|Any CPU.Build.0 = Release|Any CPU
	EndGlobalSection
	GlobalSection(SolutionProperties) = preSolution
		HideSolutionNode = FALSE
	EndGlobalSection
	GlobalSection(NestedProjects) = preSolution
		{2FA30BD8-2553-4171-882E-F05F9669AFD0} = {90EAEA08-DB21-4323-8B52-06240C811FF6}
	EndGlobalSection
EndGlobal
